
Microsoft Visual Studio Solution File, Format Version 12.00
# Visual Studio 15
VisualStudioVersion = 15.0.26124.0
MinimumVisualStudioVersion = 15.0.26124.0
Project("{2150E333-8FDC-42A3-9474-1A3956D46DE8}") = "src", "src", "{E76CE6A3-2659-46BA-9000-4DEBB0925243}"
EndProject
Project("{FAE04EC0-301F-11D3-BF4B-00C04F79EFBC}") = "AHelper.SlnMerge", "src\AHelper.SlnMerge\AHelper.SlnMerge.csproj", "{5C3364BA-0574-40F1-BD26-FFC84D3170BD}"
EndProject
Project("{FAE04EC0-301F-11D3-BF4B-00C04F79EFBC}") = "AHelper.SlnMerge.Core", "src\AHelper.SlnMerge.Core\AHelper.SlnMerge.Core.csproj", "{5B50C5F9-C4B4-4499-80A1-507A7AE11F1B}"
EndProject
Project("{2150E333-8FDC-42A3-9474-1A3956D46DE8}") = "test", "test", "{B2C4BDCB-B7AB-4059-8B09-82D15E725105}"
EndProject
Project("{FAE04EC0-301F-11D3-BF4B-00C04F79EFBC}") = "AHelper.SlnMerge.Core.Tests", "test\AHelper.SlnMerge.Core.Tests\AHelper.SlnMerge.Core.Tests.csproj", "{79C13FC6-38E2-4A13-8DEE-3427607744FE}"
EndProject
Global
	GlobalSection(SolutionConfigurationPlatforms) = preSolution
		Debug|Any CPU = Debug|Any CPU
		Debug|x64 = Debug|x64
		Debug|x86 = Debug|x86
		Release|Any CPU = Release|Any CPU
		Release|x64 = Release|x64
		Release|x86 = Release|x86
	EndGlobalSection
	GlobalSection(SolutionProperties) = preSolution
		HideSolutionNode = FALSE
	EndGlobalSection
	GlobalSection(ProjectConfigurationPlatforms) = postSolution
		{5C3364BA-0574-40F1-BD26-FFC84D3170BD}.Debug|Any CPU.ActiveCfg = Debug|Any CPU
		{5C3364BA-0574-40F1-BD26-FFC84D3170BD}.Debug|Any CPU.Build.0 = Debug|Any CPU
		{5C3364BA-0574-40F1-BD26-FFC84D3170BD}.Debug|x64.ActiveCfg = Debug|Any CPU
		{5C3364BA-0574-40F1-BD26-FFC84D3170BD}.Debug|x64.Build.0 = Debug|Any CPU
		{5C3364BA-0574-40F1-BD26-FFC84D3170BD}.Debug|x86.ActiveCfg = Debug|Any CPU
		{5C3364BA-0574-40F1-BD26-FFC84D3170BD}.Debug|x86.Build.0 = Debug|Any CPU
		{5C3364BA-0574-40F1-BD26-FFC84D3170BD}.Release|Any CPU.ActiveCfg = Release|Any CPU
		{5C3364BA-0574-40F1-BD26-FFC84D3170BD}.Release|Any CPU.Build.0 = Release|Any CPU
		{5C3364BA-0574-40F1-BD26-FFC84D3170BD}.Release|x64.ActiveCfg = Release|Any CPU
		{5C3364BA-0574-40F1-BD26-FFC84D3170BD}.Release|x64.Build.0 = Release|Any CPU
		{5C3364BA-0574-40F1-BD26-FFC84D3170BD}.Release|x86.ActiveCfg = Release|Any CPU
		{5C3364BA-0574-40F1-BD26-FFC84D3170BD}.Release|x86.Build.0 = Release|Any CPU
		{5B50C5F9-C4B4-4499-80A1-507A7AE11F1B}.Debug|Any CPU.ActiveCfg = Debug|Any CPU
		{5B50C5F9-C4B4-4499-80A1-507A7AE11F1B}.Debug|Any CPU.Build.0 = Debug|Any CPU
		{5B50C5F9-C4B4-4499-80A1-507A7AE11F1B}.Debug|x64.ActiveCfg = Debug|Any CPU
		{5B50C5F9-C4B4-4499-80A1-507A7AE11F1B}.Debug|x64.Build.0 = Debug|Any CPU
		{5B50C5F9-C4B4-4499-80A1-507A7AE11F1B}.Debug|x86.ActiveCfg = Debug|Any CPU
		{5B50C5F9-C4B4-4499-80A1-507A7AE11F1B}.Debug|x86.Build.0 = Debug|Any CPU
		{5B50C5F9-C4B4-4499-80A1-507A7AE11F1B}.Release|Any CPU.ActiveCfg = Release|Any CPU
		{5B50C5F9-C4B4-4499-80A1-507A7AE11F1B}.Release|Any CPU.Build.0 = Release|Any CPU
		{5B50C5F9-C4B4-4499-80A1-507A7AE11F1B}.Release|x64.ActiveCfg = Release|Any CPU
		{5B50C5F9-C4B4-4499-80A1-507A7AE11F1B}.Release|x64.Build.0 = Release|Any CPU
		{5B50C5F9-C4B4-4499-80A1-507A7AE11F1B}.Release|x86.ActiveCfg = Release|Any CPU
		{5B50C5F9-C4B4-4499-80A1-507A7AE11F1B}.Release|x86.Build.0 = Release|Any CPU
		{79C13FC6-38E2-4A13-8DEE-3427607744FE}.Debug|Any CPU.ActiveCfg = Debug|Any CPU
		{79C13FC6-38E2-4A13-8DEE-3427607744FE}.Debug|Any CPU.Build.0 = Debug|Any CPU
		{79C13FC6-38E2-4A13-8DEE-3427607744FE}.Debug|x64.ActiveCfg = Debug|Any CPU
		{79C13FC6-38E2-4A13-8DEE-3427607744FE}.Debug|x64.Build.0 = Debug|Any CPU
		{79C13FC6-38E2-4A13-8DEE-3427607744FE}.Debug|x86.ActiveCfg = Debug|Any CPU
		{79C13FC6-38E2-4A13-8DEE-3427607744FE}.Debug|x86.Build.0 = Debug|Any CPU
		{79C13FC6-38E2-4A13-8DEE-3427607744FE}.Release|Any CPU.ActiveCfg = Release|Any CPU
		{79C13FC6-38E2-4A13-8DEE-3427607744FE}.Release|Any CPU.Build.0 = Release|Any CPU
		{79C13FC6-38E2-4A13-8DEE-3427607744FE}.Release|x64.ActiveCfg = Release|Any CPU
		{79C13FC6-38E2-4A13-8DEE-3427607744FE}.Release|x64.Build.0 = Release|Any CPU
		{79C13FC6-38E2-4A13-8DEE-3427607744FE}.Release|x86.ActiveCfg = Release|Any CPU
		{79C13FC6-38E2-4A13-8DEE-3427607744FE}.Release|x86.Build.0 = Release|Any CPU
	EndGlobalSection
	GlobalSection(NestedProjects) = preSolution
		{5C3364BA-0574-40F1-BD26-FFC84D3170BD} = {E76CE6A3-2659-46BA-9000-4DEBB0925243}
		{5B50C5F9-C4B4-4499-80A1-507A7AE11F1B} = {E76CE6A3-2659-46BA-9000-4DEBB0925243}
		{79C13FC6-38E2-4A13-8DEE-3427607744FE} = {B2C4BDCB-B7AB-4059-8B09-82D15E725105}
	EndGlobalSection
EndGlobal
